{"1.2.0",
[{<<"certifi">>,{pkg,<<"certifi">>,<<"2.4.2">>},1},
 {<<"cf">>,{pkg,<<"cf">>,<<"0.3.1">>},2},
 {<<"cowboy">>,
  {git,"https://github.com/extend/cowboy",
       {ref,"28d3515d716d32d1700fa21e904c613c139d4019"}},
  1},
 {<<"cowlib">>,
  {git,"https://github.com/ninenines/cowlib",
       {ref,"56a3fee151340212c1b7a92344e4ece07fc15010"}},
  2},
 {<<"enotify">>,{pkg,<<"enotify">>,<<"0.1.0">>},1},
 {<<"eper">>,{pkg,<<"eper">>,<<"0.99.1">>},1},
 {<<"erlware_commons">>,{pkg,<<"erlware_commons">>,<<"1.6.0">>},1},
 {<<"gun">>,
  {git,"https://github.com/ninenines/gun.git",
       {ref,"fbe58ec837cc3c84b08d701c82b95222738c775f"}},
  1},
 {<<"jsone">>,{pkg,<<"jsone">>,<<"1.4.7">>},1},
 {<<"meck">>,{pkg,<<"meck">>,<<"0.8.12">>},1},
 {<<"mimerl">>,{pkg,<<"mimerl">>,<<"1.1.0">>},1},
 {<<"nklib">>,
  {git,"https://github.com/byronpc/nklib",
       {ref,"9e587cf5314544bd2e9e55b1d0aedb55e5312718"}},
  0},
 {<<"nkpacket">>,
  {git,"https://github.com/byronpc/nkpacket",
       {ref,"5763ef583d8b8792caaacfc909122f3484a69721"}},
  0},
 {<<"nkserver">>,
  {git,"https://github.com/byronpc/nkserver",
       {ref,"23e1615b93404451ba5b0be9434015bbfad1fd66"}},
  0},
 {<<"parse_trans">>,{pkg,<<"parse_trans">>,<<"3.3.0">>},2},
 {<<"parsexml">>,{pkg,<<"parsexml">>,<<"1.0.0">>},1},
 {<<"qdate">>,{pkg,<<"qdate">>,<<"0.7.0">>},1},
 {<<"qdate_localtime">>,{pkg,<<"qdate_localtime">>,<<"1.2.1">>},1},
 {<<"ranch">>,{pkg,<<"ranch">>,<<"2.0.0">>},1},
 {<<"recon">>,{pkg,<<"recon">>,<<"2.4.0">>},1},
 {<<"rfc3339">>,{pkg,<<"rfc3339">>,<<"0.9.0">>},1},
 {<<"ssl_verify_fun">>,{pkg,<<"ssl_verify_fun">>,<<"1.1.4">>},1},
 {<<"yamerl">>,{pkg,<<"yamerl">>,<<"0.7.0">>},1}]}.
[
{pkg_hash,[
 {<<"certifi">>, <<"75424FF0F3BAACCFD34B1214184B6EF616D89E420B258BB0A5EA7D7BC628F7F0">>},
 {<<"cf">>, <<"5CB902239476E141EA70A740340233782D363A31EEA8AD37049561542E6CD641">>},
 {<<"enotify">>, <<"F6BF33AA7BC4789D953087E48C6ADBC6D9682B6D67E4BC353C2FDB96C5AC5595">>},
 {<<"eper">>, <<"A50698B6803B8732AD6575285320999FE73E160A1A9FF7EFCAB6B6F818BD2C1F">>},
 {<<"erlware_commons">>, <<"E0DA62F91E65DEFAE28BB450DDC3C24E85ECB99B926F857CDC6ED8E7DD7076B4">>},
 {<<"jsone">>, <<"A970C23D9700AE7842B526C57677E6E3F10894B429524696EAD547E9302391C0">>},
 {<<"meck">>, <<"1F7B1A9F5D12C511848FEC26BBEFD09A21E1432EADB8982D9A8ACEB9891A3CF2">>},
 {<<"mimerl">>, <<"5640F2E988056D5E77BF5C8500D306D15749E29518F342DB02E42DAC5D232486">>},
 {<<"parse_trans">>, <<"09765507A3C7590A784615CFD421D101AEC25098D50B89D7AA1D66646BC571C1">>},
 {<<"parsexml">>, <<"62DB6B80C2F55F7C0A8CBCD124B34B8E1C29EDDCC88D13E170C3A1302A3E1E8D">>},
 {<<"qdate">>, <<"EBFFBE723E5290714ADCB74AFA1FBDB89DF152586B491F56306B29526D93975B">>},
 {<<"qdate_localtime">>, <<"72E1034DC6B7FEE8F588281EDDD0BD0DC5260005D758052F50634D265D382C18">>},
 {<<"ranch">>, <<"FBF3D79661C071543256F9051CAF19D65DAA6DF1CF6824D8F37A49B19A66F703">>},
 {<<"recon">>, <<"901FF78B39C754FB4D6FD72DCF0DBD398967BBD2E4D59C08D4D7AA44A73DE91D">>},
 {<<"rfc3339">>, <<"2075653DC9407541C84B1E15F8BDA2ABE95FB17C9694025E079583F2D19C1060">>},
 {<<"ssl_verify_fun">>, <<"F0EAFFF810D2041E93F915EF59899C923F4568F4585904D010387ED74988E77B">>},
 {<<"yamerl">>, <<"E51DBA652DCE74C20A88294130B48051EBBBB0BE7D76F22DE064F0F3CCF0AAF5">>}]},
{pkg_hash_ext,[
 {<<"certifi">>, <<"01D479EDBA0569A7B7A2C8BF923FEEB6DC6A358EDC2965EF69AEA9BA288BB243">>},
 {<<"cf">>, <<"315E8D447D3A4B02BCDBFA397AD03BBB988A6E0AA6F44D3ADD0F4E3C3BF97672">>},
 {<<"enotify">>, <<"8E48DA763CE15BFD75CC857DDFE5011B03189D597F47BCDD8ACC6FBBE8E6B6F4">>},
 {<<"eper">>, <<"1D2685445C401C4D91E23EA59B8FD327C29186DFB5F3B271D3C1EB73A3CBC9F3">>},
 {<<"erlware_commons">>, <<"B57C299C39A2992A8C413F9D2C1B8A20061310FB4432B0EEE5E4C4DF7AAA0AA3">>},
 {<<"jsone">>, <<"9C246138866ED8169674EF5494E8CD782CD22682715379ECBDAC13F7AA95D4E7">>},
 {<<"meck">>, <<"7A6AB35A42E6C846636E8ECD6FDF2CC2E3F09DBEE1ABB15C1A7C705C10775787">>},
 {<<"mimerl">>, <<"DEF0F1922A5DCDEEEE6E4F41139B364E7F0F40239774B528A0986B12BCB42DDC">>},
 {<<"parse_trans">>, <<"17EF63ABDE837AD30680EA7F857DD9E7CED9476CDD7B0394432AF4BFC241B960">>},
 {<<"parsexml">>, <<"D7F678BE0D15A971927D9138C1CE962F81648F16E3233191CA37BA2638C06AC8">>},
 {<<"qdate">>, <<"4D053F50D29D508FAF74AB1CEEC035476987DB411694CDC87C23E2F7A5BE08DB">>},
 {<<"qdate_localtime">>, <<"1109958D205C65C595C8C5694CB83EBAF2DBE770CF902E4DCE8AFB2C4123764D">>},
 {<<"ranch">>, <<"C20A4840C7D6623C19812D3A7C828B2F1BD153EF0F124CB69C54FE51D8A42AE0">>},
 {<<"recon">>, <<"3B32DE568F129001E1CF89CC5BCFD6DBB1260FABB2CF8A3410CDC0F634EBA182">>},
 {<<"rfc3339">>, <<"182314DE35C9F4180B22EB5F22916D8D7A799C1109A060C752970273A9332AD6">>},
 {<<"ssl_verify_fun">>, <<"603561DC0FD62F4F2EA9B890F4E20E1A0D388746D6E20557CAFB1B16950DE88C">>},
 {<<"yamerl">>, <<"CB5A4481E2E2AD36DB83BD9962153E1A9208E2B2484185E33FC2CAAC6A50B108">>}]}
].
